
Microsoft Visual Studio Solution File, Format Version 12.00
# Visual Studio 15
VisualStudioVersion = 15.0.26124.0
MinimumVisualStudioVersion = 15.0.26124.0
Project("{FAE04EC0-301F-11D3-BF4B-00C04F79EFBC}") = "YourName", "Challenge01\YourName.csproj", "{03DA77C5-173E-438F-B4BC-689050D0259D}"
EndProject
Project("{FAE04EC0-301F-11D3-BF4B-00C04F79EFBC}") = "DaysToNextBirthday", "Challenge02\DaysToNextBirthday.csproj", "{39800663-4CC9-48F9-B5A5-A98933086F9C}"
EndProject
Project("{FAE04EC0-301F-11D3-BF4B-00C04F79EFBC}") = "StringLength", "Challenge03\StringLength.csproj", "{0F8F536F-8375-4D98-B9E6-E2CFE0AB52DB}"
EndProject
Project("{FAE04EC0-301F-11D3-BF4B-00C04F79EFBC}") = "Substitution", "Challenge04\Substitution.csproj", "{5AF8FD47-864F-4195-A0AC-4121F3E6ACF6}"
EndProject
Project("{FAE04EC0-301F-11D3-BF4B-00C04F79EFBC}") = "EvenOdd", "Challenge05\EvenOdd.csproj", "{605273C7-A148-4201-81CE-E76FE904A2C8}"
EndProject
Project("{FAE04EC0-301F-11D3-BF4B-00C04F79EFBC}") = "Grade", "Challenge06\Grade.csproj", "{FBD69E76-A109-45FA-94A3-56CDA1809B58}"
EndProject
Project("{FAE04EC0-301F-11D3-BF4B-00C04F79EFBC}") = "TempratureConverter", "Challenge07\TempratureConverter.csproj", "{E0EBDE8A-8873-4E99-B4E5-65E24C14AA53}"
EndProject
Project("{FAE04EC0-301F-11D3-BF4B-00C04F79EFBC}") = "LeapYear", "Challenge08\LeapYear.csproj", "{75006035-CE05-4A82-A575-134889D77BB7}"
EndProject
Project("{FAE04EC0-301F-11D3-BF4B-00C04F79EFBC}") = "Timezone", "Challenge09\Timezone.csproj", "{78EDF7A0-1941-4105-A8A9-DFBD0FDAB0B7}"
EndProject
Project("{FAE04EC0-301F-11D3-BF4B-00C04F79EFBC}") = "Calculator", "Challenge10\Calculator.csproj", "{BF61D0F3-56A2-4B4E-ADC8-77EBCCECE6EB}"
EndProject
Project("{FAE04EC0-301F-11D3-BF4B-00C04F79EFBC}") = "SumArgument", "Challenge11\SumArgument.csproj", "{74982C49-D43C-44AA-A2DC-4A334312CF0D}"
EndProject
Project("{FAE04EC0-301F-11D3-BF4B-00C04F79EFBC}") = "ToUpperCase", "Challenge12\ToUpperCase.csproj", "{C84C348A-C394-4C31-BC63-8D45253CC713}"
EndProject
Project("{FAE04EC0-301F-11D3-BF4B-00C04F79EFBC}") = "CountWords", "Challenge13\CountWords.csproj", "{12310FF0-BDE7-4111-80EF-CFDB72EDE0E5}"
EndProject
Project("{FAE04EC0-301F-11D3-BF4B-00C04F79EFBC}") = "PalindromeDetector", "Challenge14\PalindromeDetector.csproj", "{699BD44E-261D-46A3-B78A-58EE0FA9E2F9}"
EndProject
Project("{FAE04EC0-301F-11D3-BF4B-00C04F79EFBC}") = "MirrorString", "Challenge15\MirrorString.csproj", "{6D7A1730-6DD3-4961-8074-DDA27BD5D748}"
EndProject
Project("{FAE04EC0-301F-11D3-BF4B-00C04F79EFBC}") = "FruitFinder", "Challenge16\FruitFinder.csproj", "{10D2DB0A-711B-44E3-A938-234D2160E1F4}"
EndProject
Project("{FAE04EC0-301F-11D3-BF4B-00C04F79EFBC}") = "FooBarBaz", "Challenge17\FooBarBaz.csproj", "{8BD5243F-E4B1-4C1D-A08F-4E0B6C7FD3B8}"
EndProject
Project("{FAE04EC0-301F-11D3-BF4B-00C04F79EFBC}") = "FindMinMaxAvg", "Challenge18\FindMinMaxAvg.csproj", "{64F19E28-2389-4A0A-9421-B7C0CAA297B5}"
EndProject
Project("{FAE04EC0-301F-11D3-BF4B-00C04F79EFBC}") = "Sorter", "Challenge19\Sorter.csproj", "{02B829CE-A2D5-4922-9BDA-7C896153296D}"
EndProject
Project("{FAE04EC0-301F-11D3-BF4B-00C04F79EFBC}") = "ObjectClass", "Challenge20\ObjectClass.csproj", "{B5724E85-76CE-467E-8AEC-5500B0B47226}"
EndProject
Project("{FAE04EC0-301F-11D3-BF4B-00C04F79EFBC}") = "ChallengeUnitTest", "ChallengeUnitTest\ChallengeUnitTest.csproj", "{A188FF79-1DB8-4D7B-B437-610BB848391F}"
EndProject
Global
	GlobalSection(SolutionConfigurationPlatforms) = preSolution
		Debug|Any CPU = Debug|Any CPU
		Debug|x64 = Debug|x64
		Debug|x86 = Debug|x86
		Release|Any CPU = Release|Any CPU
		Release|x64 = Release|x64
		Release|x86 = Release|x86
	EndGlobalSection
	GlobalSection(SolutionProperties) = preSolution
		HideSolutionNode = FALSE
	EndGlobalSection
	GlobalSection(ProjectConfigurationPlatforms) = postSolution
		{03DA77C5-173E-438F-B4BC-689050D0259D}.Debug|Any CPU.ActiveCfg = Debug|Any CPU
		{03DA77C5-173E-438F-B4BC-689050D0259D}.Debug|Any CPU.Build.0 = Debug|Any CPU
		{03DA77C5-173E-438F-B4BC-689050D0259D}.Debug|x64.ActiveCfg = Debug|Any CPU
		{03DA77C5-173E-438F-B4BC-689050D0259D}.Debug|x64.Build.0 = Debug|Any CPU
		{03DA77C5-173E-438F-B4BC-689050D0259D}.Debug|x86.ActiveCfg = Debug|Any CPU
		{03DA77C5-173E-438F-B4BC-689050D0259D}.Debug|x86.Build.0 = Debug|Any CPU
		{03DA77C5-173E-438F-B4BC-689050D0259D}.Release|Any CPU.ActiveCfg = Release|Any CPU
		{03DA77C5-173E-438F-B4BC-689050D0259D}.Release|Any CPU.Build.0 = Release|Any CPU
		{03DA77C5-173E-438F-B4BC-689050D0259D}.Release|x64.ActiveCfg = Release|Any CPU
		{03DA77C5-173E-438F-B4BC-689050D0259D}.Release|x64.Build.0 = Release|Any CPU
		{03DA77C5-173E-438F-B4BC-689050D0259D}.Release|x86.ActiveCfg = Release|Any CPU
		{03DA77C5-173E-438F-B4BC-689050D0259D}.Release|x86.Build.0 = Release|Any CPU
		{39800663-4CC9-48F9-B5A5-A98933086F9C}.Debug|Any CPU.ActiveCfg = Debug|Any CPU
		{39800663-4CC9-48F9-B5A5-A98933086F9C}.Debug|Any CPU.Build.0 = Debug|Any CPU
		{39800663-4CC9-48F9-B5A5-A98933086F9C}.Debug|x64.ActiveCfg = Debug|Any CPU
		{39800663-4CC9-48F9-B5A5-A98933086F9C}.Debug|x64.Build.0 = Debug|Any CPU
		{39800663-4CC9-48F9-B5A5-A98933086F9C}.Debug|x86.ActiveCfg = Debug|Any CPU
		{39800663-4CC9-48F9-B5A5-A98933086F9C}.Debug|x86.Build.0 = Debug|Any CPU
		{39800663-4CC9-48F9-B5A5-A98933086F9C}.Release|Any CPU.ActiveCfg = Release|Any CPU
		{39800663-4CC9-48F9-B5A5-A98933086F9C}.Release|Any CPU.Build.0 = Release|Any CPU
		{39800663-4CC9-48F9-B5A5-A98933086F9C}.Release|x64.ActiveCfg = Release|Any CPU
		{39800663-4CC9-48F9-B5A5-A98933086F9C}.Release|x64.Build.0 = Release|Any CPU
		{39800663-4CC9-48F9-B5A5-A98933086F9C}.Release|x86.ActiveCfg = Release|Any CPU
		{39800663-4CC9-48F9-B5A5-A98933086F9C}.Release|x86.Build.0 = Release|Any CPU
		{0F8F536F-8375-4D98-B9E6-E2CFE0AB52DB}.Debug|Any CPU.ActiveCfg = Debug|Any CPU
		{0F8F536F-8375-4D98-B9E6-E2CFE0AB52DB}.Debug|Any CPU.Build.0 = Debug|Any CPU
		{0F8F536F-8375-4D98-B9E6-E2CFE0AB52DB}.Debug|x64.ActiveCfg = Debug|Any CPU
		{0F8F536F-8375-4D98-B9E6-E2CFE0AB52DB}.Debug|x64.Build.0 = Debug|Any CPU
		{0F8F536F-8375-4D98-B9E6-E2CFE0AB52DB}.Debug|x86.ActiveCfg = Debug|Any CPU
		{0F8F536F-8375-4D98-B9E6-E2CFE0AB52DB}.Debug|x86.Build.0 = Debug|Any CPU
		{0F8F536F-8375-4D98-B9E6-E2CFE0AB52DB}.Release|Any CPU.ActiveCfg = Release|Any CPU
		{0F8F536F-8375-4D98-B9E6-E2CFE0AB52DB}.Release|Any CPU.Build.0 = Release|Any CPU
		{0F8F536F-8375-4D98-B9E6-E2CFE0AB52DB}.Release|x64.ActiveCfg = Release|Any CPU
		{0F8F536F-8375-4D98-B9E6-E2CFE0AB52DB}.Release|x64.Build.0 = Release|Any CPU
		{0F8F536F-8375-4D98-B9E6-E2CFE0AB52DB}.Release|x86.ActiveCfg = Release|Any CPU
		{0F8F536F-8375-4D98-B9E6-E2CFE0AB52DB}.Release|x86.Build.0 = Release|Any CPU
		{5AF8FD47-864F-4195-A0AC-4121F3E6ACF6}.Debug|Any CPU.ActiveCfg = Debug|Any CPU
		{5AF8FD47-864F-4195-A0AC-4121F3E6ACF6}.Debug|Any CPU.Build.0 = Debug|Any CPU
		{5AF8FD47-864F-4195-A0AC-4121F3E6ACF6}.Debug|x64.ActiveCfg = Debug|Any CPU
		{5AF8FD47-864F-4195-A0AC-4121F3E6ACF6}.Debug|x64.Build.0 = Debug|Any CPU
		{5AF8FD47-864F-4195-A0AC-4121F3E6ACF6}.Debug|x86.ActiveCfg = Debug|Any CPU
		{5AF8FD47-864F-4195-A0AC-4121F3E6ACF6}.Debug|x86.Build.0 = Debug|Any CPU
		{5AF8FD47-864F-4195-A0AC-4121F3E6ACF6}.Release|Any CPU.ActiveCfg = Release|Any CPU
		{5AF8FD47-864F-4195-A0AC-4121F3E6ACF6}.Release|Any CPU.Build.0 = Release|Any CPU
		{5AF8FD47-864F-4195-A0AC-4121F3E6ACF6}.Release|x64.ActiveCfg = Release|Any CPU
		{5AF8FD47-864F-4195-A0AC-4121F3E6ACF6}.Release|x64.Build.0 = Release|Any CPU
		{5AF8FD47-864F-4195-A0AC-4121F3E6ACF6}.Release|x86.ActiveCfg = Release|Any CPU
		{5AF8FD47-864F-4195-A0AC-4121F3E6ACF6}.Release|x86.Build.0 = Release|Any CPU
		{605273C7-A148-4201-81CE-E76FE904A2C8}.Debug|Any CPU.ActiveCfg = Debug|Any CPU
		{605273C7-A148-4201-81CE-E76FE904A2C8}.Debug|Any CPU.Build.0 = Debug|Any CPU
		{605273C7-A148-4201-81CE-E76FE904A2C8}.Debug|x64.ActiveCfg = Debug|Any CPU
		{605273C7-A148-4201-81CE-E76FE904A2C8}.Debug|x64.Build.0 = Debug|Any CPU
		{605273C7-A148-4201-81CE-E76FE904A2C8}.Debug|x86.ActiveCfg = Debug|Any CPU
		{605273C7-A148-4201-81CE-E76FE904A2C8}.Debug|x86.Build.0 = Debug|Any CPU
		{605273C7-A148-4201-81CE-E76FE904A2C8}.Release|Any CPU.ActiveCfg = Release|Any CPU
		{605273C7-A148-4201-81CE-E76FE904A2C8}.Release|Any CPU.Build.0 = Release|Any CPU
		{605273C7-A148-4201-81CE-E76FE904A2C8}.Release|x64.ActiveCfg = Release|Any CPU
		{605273C7-A148-4201-81CE-E76FE904A2C8}.Release|x64.Build.0 = Release|Any CPU
		{605273C7-A148-4201-81CE-E76FE904A2C8}.Release|x86.ActiveCfg = Release|Any CPU
		{605273C7-A148-4201-81CE-E76FE904A2C8}.Release|x86.Build.0 = Release|Any CPU
		{FBD69E76-A109-45FA-94A3-56CDA1809B58}.Debug|Any CPU.ActiveCfg = Debug|Any CPU
		{FBD69E76-A109-45FA-94A3-56CDA1809B58}.Debug|Any CPU.Build.0 = Debug|Any CPU
		{FBD69E76-A109-45FA-94A3-56CDA1809B58}.Debug|x64.ActiveCfg = Debug|Any CPU
		{FBD69E76-A109-45FA-94A3-56CDA1809B58}.Debug|x64.Build.0 = Debug|Any CPU
		{FBD69E76-A109-45FA-94A3-56CDA1809B58}.Debug|x86.ActiveCfg = Debug|Any CPU
		{FBD69E76-A109-45FA-94A3-56CDA1809B58}.Debug|x86.Build.0 = Debug|Any CPU
		{FBD69E76-A109-45FA-94A3-56CDA1809B58}.Release|Any CPU.ActiveCfg = Release|Any CPU
		{FBD69E76-A109-45FA-94A3-56CDA1809B58}.Release|Any CPU.Build.0 = Release|Any CPU
		{FBD69E76-A109-45FA-94A3-56CDA1809B58}.Release|x64.ActiveCfg = Release|Any CPU
		{FBD69E76-A109-45FA-94A3-56CDA1809B58}.Release|x64.Build.0 = Release|Any CPU
		{FBD69E76-A109-45FA-94A3-56CDA1809B58}.Release|x86.ActiveCfg = Release|Any CPU
		{FBD69E76-A109-45FA-94A3-56CDA1809B58}.Release|x86.Build.0 = Release|Any CPU
		{E0EBDE8A-8873-4E99-B4E5-65E24C14AA53}.Debug|Any CPU.ActiveCfg = Debug|Any CPU
		{E0EBDE8A-8873-4E99-B4E5-65E24C14AA53}.Debug|Any CPU.Build.0 = Debug|Any CPU
		{E0EBDE8A-8873-4E99-B4E5-65E24C14AA53}.Debug|x64.ActiveCfg = Debug|Any CPU
		{E0EBDE8A-8873-4E99-B4E5-65E24C14AA53}.Debug|x64.Build.0 = Debug|Any CPU
		{E0EBDE8A-8873-4E99-B4E5-65E24C14AA53}.Debug|x86.ActiveCfg = Debug|Any CPU
		{E0EBDE8A-8873-4E99-B4E5-65E24C14AA53}.Debug|x86.Build.0 = Debug|Any CPU
		{E0EBDE8A-8873-4E99-B4E5-65E24C14AA53}.Release|Any CPU.ActiveCfg = Release|Any CPU
		{E0EBDE8A-8873-4E99-B4E5-65E24C14AA53}.Release|Any CPU.Build.0 = Release|Any CPU
		{E0EBDE8A-8873-4E99-B4E5-65E24C14AA53}.Release|x64.ActiveCfg = Release|Any CPU
		{E0EBDE8A-8873-4E99-B4E5-65E24C14AA53}.Release|x64.Build.0 = Release|Any CPU
		{E0EBDE8A-8873-4E99-B4E5-65E24C14AA53}.Release|x86.ActiveCfg = Release|Any CPU
		{E0EBDE8A-8873-4E99-B4E5-65E24C14AA53}.Release|x86.Build.0 = Release|Any CPU
		{75006035-CE05-4A82-A575-134889D77BB7}.Debug|Any CPU.ActiveCfg = Debug|Any CPU
		{75006035-CE05-4A82-A575-134889D77BB7}.Debug|Any CPU.Build.0 = Debug|Any CPU
		{75006035-CE05-4A82-A575-134889D77BB7}.Debug|x64.ActiveCfg = Debug|Any CPU
		{75006035-CE05-4A82-A575-134889D77BB7}.Debug|x64.Build.0 = Debug|Any CPU
		{75006035-CE05-4A82-A575-134889D77BB7}.Debug|x86.ActiveCfg = Debug|Any CPU
		{75006035-CE05-4A82-A575-134889D77BB7}.Debug|x86.Build.0 = Debug|Any CPU
		{75006035-CE05-4A82-A575-134889D77BB7}.Release|Any CPU.ActiveCfg = Release|Any CPU
		{75006035-CE05-4A82-A575-134889D77BB7}.Release|Any CPU.Build.0 = Release|Any CPU
		{75006035-CE05-4A82-A575-134889D77BB7}.Release|x64.ActiveCfg = Release|Any CPU
		{75006035-CE05-4A82-A575-134889D77BB7}.Release|x64.Build.0 = Release|Any CPU
		{75006035-CE05-4A82-A575-134889D77BB7}.Release|x86.ActiveCfg = Release|Any CPU
		{75006035-CE05-4A82-A575-134889D77BB7}.Release|x86.Build.0 = Release|Any CPU
		{78EDF7A0-1941-4105-A8A9-DFBD0FDAB0B7}.Debug|Any CPU.ActiveCfg = Debug|Any CPU
		{78EDF7A0-1941-4105-A8A9-DFBD0FDAB0B7}.Debug|Any CPU.Build.0 = Debug|Any CPU
		{78EDF7A0-1941-4105-A8A9-DFBD0FDAB0B7}.Debug|x64.ActiveCfg = Debug|Any CPU
		{78EDF7A0-1941-4105-A8A9-DFBD0FDAB0B7}.Debug|x64.Build.0 = Debug|Any CPU
		{78EDF7A0-1941-4105-A8A9-DFBD0FDAB0B7}.Debug|x86.ActiveCfg = Debug|Any CPU
		{78EDF7A0-1941-4105-A8A9-DFBD0FDAB0B7}.Debug|x86.Build.0 = Debug|Any CPU
		{78EDF7A0-1941-4105-A8A9-DFBD0FDAB0B7}.Release|Any CPU.ActiveCfg = Release|Any CPU
		{78EDF7A0-1941-4105-A8A9-DFBD0FDAB0B7}.Release|Any CPU.Build.0 = Release|Any CPU
		{78EDF7A0-1941-4105-A8A9-DFBD0FDAB0B7}.Release|x64.ActiveCfg = Release|Any CPU
		{78EDF7A0-1941-4105-A8A9-DFBD0FDAB0B7}.Release|x64.Build.0 = Release|Any CPU
		{78EDF7A0-1941-4105-A8A9-DFBD0FDAB0B7}.Release|x86.ActiveCfg = Release|Any CPU
		{78EDF7A0-1941-4105-A8A9-DFBD0FDAB0B7}.Release|x86.Build.0 = Release|Any CPU
		{BF61D0F3-56A2-4B4E-ADC8-77EBCCECE6EB}.Debug|Any CPU.ActiveCfg = Debug|Any CPU
		{BF61D0F3-56A2-4B4E-ADC8-77EBCCECE6EB}.Debug|Any CPU.Build.0 = Debug|Any CPU
		{BF61D0F3-56A2-4B4E-ADC8-77EBCCECE6EB}.Debug|x64.ActiveCfg = Debug|Any CPU
		{BF61D0F3-56A2-4B4E-ADC8-77EBCCECE6EB}.Debug|x64.Build.0 = Debug|Any CPU
		{BF61D0F3-56A2-4B4E-ADC8-77EBCCECE6EB}.Debug|x86.ActiveCfg = Debug|Any CPU
		{BF61D0F3-56A2-4B4E-ADC8-77EBCCECE6EB}.Debug|x86.Build.0 = Debug|Any CPU
		{BF61D0F3-56A2-4B4E-ADC8-77EBCCECE6EB}.Release|Any CPU.ActiveCfg = Release|Any CPU
		{BF61D0F3-56A2-4B4E-ADC8-77EBCCECE6EB}.Release|Any CPU.Build.0 = Release|Any CPU
		{BF61D0F3-56A2-4B4E-ADC8-77EBCCECE6EB}.Release|x64.ActiveCfg = Release|Any CPU
		{BF61D0F3-56A2-4B4E-ADC8-77EBCCECE6EB}.Release|x64.Build.0 = Release|Any CPU
		{BF61D0F3-56A2-4B4E-ADC8-77EBCCECE6EB}.Release|x86.ActiveCfg = Release|Any CPU
		{BF61D0F3-56A2-4B4E-ADC8-77EBCCECE6EB}.Release|x86.Build.0 = Release|Any CPU
		{74982C49-D43C-44AA-A2DC-4A334312CF0D}.Debug|Any CPU.ActiveCfg = Debug|Any CPU
		{74982C49-D43C-44AA-A2DC-4A334312CF0D}.Debug|Any CPU.Build.0 = Debug|Any CPU
		{74982C49-D43C-44AA-A2DC-4A334312CF0D}.Debug|x64.ActiveCfg = Debug|Any CPU
		{74982C49-D43C-44AA-A2DC-4A334312CF0D}.Debug|x64.Build.0 = Debug|Any CPU
		{74982C49-D43C-44AA-A2DC-4A334312CF0D}.Debug|x86.ActiveCfg = Debug|Any CPU
		{74982C49-D43C-44AA-A2DC-4A334312CF0D}.Debug|x86.Build.0 = Debug|Any CPU
		{74982C49-D43C-44AA-A2DC-4A334312CF0D}.Release|Any CPU.ActiveCfg = Release|Any CPU
		{74982C49-D43C-44AA-A2DC-4A334312CF0D}.Release|Any CPU.Build.0 = Release|Any CPU
		{74982C49-D43C-44AA-A2DC-4A334312CF0D}.Release|x64.ActiveCfg = Release|Any CPU
		{74982C49-D43C-44AA-A2DC-4A334312CF0D}.Release|x64.Build.0 = Release|Any CPU
		{74982C49-D43C-44AA-A2DC-4A334312CF0D}.Release|x86.ActiveCfg = Release|Any CPU
		{74982C49-D43C-44AA-A2DC-4A334312CF0D}.Release|x86.Build.0 = Release|Any CPU
		{C84C348A-C394-4C31-BC63-8D45253CC713}.Debug|Any CPU.ActiveCfg = Debug|Any CPU
		{C84C348A-C394-4C31-BC63-8D45253CC713}.Debug|Any CPU.Build.0 = Debug|Any CPU
		{C84C348A-C394-4C31-BC63-8D45253CC713}.Debug|x64.ActiveCfg = Debug|Any CPU
		{C84C348A-C394-4C31-BC63-8D45253CC713}.Debug|x64.Build.0 = Debug|Any CPU
		{C84C348A-C394-4C31-BC63-8D45253CC713}.Debug|x86.ActiveCfg = Debug|Any CPU
		{C84C348A-C394-4C31-BC63-8D45253CC713}.Debug|x86.Build.0 = Debug|Any CPU
		{C84C348A-C394-4C31-BC63-8D45253CC713}.Release|Any CPU.ActiveCfg = Release|Any CPU
		{C84C348A-C394-4C31-BC63-8D45253CC713}.Release|Any CPU.Build.0 = Release|Any CPU
		{C84C348A-C394-4C31-BC63-8D45253CC713}.Release|x64.ActiveCfg = Release|Any CPU
		{C84C348A-C394-4C31-BC63-8D45253CC713}.Release|x64.Build.0 = Release|Any CPU
		{C84C348A-C394-4C31-BC63-8D45253CC713}.Release|x86.ActiveCfg = Release|Any CPU
		{C84C348A-C394-4C31-BC63-8D45253CC713}.Release|x86.Build.0 = Release|Any CPU
		{12310FF0-BDE7-4111-80EF-CFDB72EDE0E5}.Debug|Any CPU.ActiveCfg = Debug|Any CPU
		{12310FF0-BDE7-4111-80EF-CFDB72EDE0E5}.Debug|Any CPU.Build.0 = Debug|Any CPU
		{12310FF0-BDE7-4111-80EF-CFDB72EDE0E5}.Debug|x64.ActiveCfg = Debug|Any CPU
		{12310FF0-BDE7-4111-80EF-CFDB72EDE0E5}.Debug|x64.Build.0 = Debug|Any CPU
		{12310FF0-BDE7-4111-80EF-CFDB72EDE0E5}.Debug|x86.ActiveCfg = Debug|Any CPU
		{12310FF0-BDE7-4111-80EF-CFDB72EDE0E5}.Debug|x86.Build.0 = Debug|Any CPU
		{12310FF0-BDE7-4111-80EF-CFDB72EDE0E5}.Release|Any CPU.ActiveCfg = Release|Any CPU
		{12310FF0-BDE7-4111-80EF-CFDB72EDE0E5}.Release|Any CPU.Build.0 = Release|Any CPU
		{12310FF0-BDE7-4111-80EF-CFDB72EDE0E5}.Release|x64.ActiveCfg = Release|Any CPU
		{12310FF0-BDE7-4111-80EF-CFDB72EDE0E5}.Release|x64.Build.0 = Release|Any CPU
		{12310FF0-BDE7-4111-80EF-CFDB72EDE0E5}.Release|x86.ActiveCfg = Release|Any CPU
		{12310FF0-BDE7-4111-80EF-CFDB72EDE0E5}.Release|x86.Build.0 = Release|Any CPU
		{699BD44E-261D-46A3-B78A-58EE0FA9E2F9}.Debug|Any CPU.ActiveCfg = Debug|Any CPU
		{699BD44E-261D-46A3-B78A-58EE0FA9E2F9}.Debug|Any CPU.Build.0 = Debug|Any CPU
		{699BD44E-261D-46A3-B78A-58EE0FA9E2F9}.Debug|x64.ActiveCfg = Debug|Any CPU
		{699BD44E-261D-46A3-B78A-58EE0FA9E2F9}.Debug|x64.Build.0 = Debug|Any CPU
		{699BD44E-261D-46A3-B78A-58EE0FA9E2F9}.Debug|x86.ActiveCfg = Debug|Any CPU
		{699BD44E-261D-46A3-B78A-58EE0FA9E2F9}.Debug|x86.Build.0 = Debug|Any CPU
		{699BD44E-261D-46A3-B78A-58EE0FA9E2F9}.Release|Any CPU.ActiveCfg = Release|Any CPU
		{699BD44E-261D-46A3-B78A-58EE0FA9E2F9}.Release|Any CPU.Build.0 = Release|Any CPU
		{699BD44E-261D-46A3-B78A-58EE0FA9E2F9}.Release|x64.ActiveCfg = Release|Any CPU
		{699BD44E-261D-46A3-B78A-58EE0FA9E2F9}.Release|x64.Build.0 = Release|Any CPU
		{699BD44E-261D-46A3-B78A-58EE0FA9E2F9}.Release|x86.ActiveCfg = Release|Any CPU
		{699BD44E-261D-46A3-B78A-58EE0FA9E2F9}.Release|x86.Build.0 = Release|Any CPU
		{6D7A1730-6DD3-4961-8074-DDA27BD5D748}.Debug|Any CPU.ActiveCfg = Debug|Any CPU
		{6D7A1730-6DD3-4961-8074-DDA27BD5D748}.Debug|Any CPU.Build.0 = Debug|Any CPU
		{6D7A1730-6DD3-4961-8074-DDA27BD5D748}.Debug|x64.ActiveCfg = Debug|Any CPU
		{6D7A1730-6DD3-4961-8074-DDA27BD5D748}.Debug|x64.Build.0 = Debug|Any CPU
		{6D7A1730-6DD3-4961-8074-DDA27BD5D748}.Debug|x86.ActiveCfg = Debug|Any CPU
		{6D7A1730-6DD3-4961-8074-DDA27BD5D748}.Debug|x86.Build.0 = Debug|Any CPU
		{6D7A1730-6DD3-4961-8074-DDA27BD5D748}.Release|Any CPU.ActiveCfg = Release|Any CPU
		{6D7A1730-6DD3-4961-8074-DDA27BD5D748}.Release|Any CPU.Build.0 = Release|Any CPU
		{6D7A1730-6DD3-4961-8074-DDA27BD5D748}.Release|x64.ActiveCfg = Release|Any CPU
		{6D7A1730-6DD3-4961-8074-DDA27BD5D748}.Release|x64.Build.0 = Release|Any CPU
		{6D7A1730-6DD3-4961-8074-DDA27BD5D748}.Release|x86.ActiveCfg = Release|Any CPU
		{6D7A1730-6DD3-4961-8074-DDA27BD5D748}.Release|x86.Build.0 = Release|Any CPU
		{10D2DB0A-711B-44E3-A938-234D2160E1F4}.Debug|Any CPU.ActiveCfg = Debug|Any CPU
		{10D2DB0A-711B-44E3-A938-234D2160E1F4}.Debug|Any CPU.Build.0 = Debug|Any CPU
		{10D2DB0A-711B-44E3-A938-234D2160E1F4}.Debug|x64.ActiveCfg = Debug|Any CPU
		{10D2DB0A-711B-44E3-A938-234D2160E1F4}.Debug|x64.Build.0 = Debug|Any CPU
		{10D2DB0A-711B-44E3-A938-234D2160E1F4}.Debug|x86.ActiveCfg = Debug|Any CPU
		{10D2DB0A-711B-44E3-A938-234D2160E1F4}.Debug|x86.Build.0 = Debug|Any CPU
		{10D2DB0A-711B-44E3-A938-234D2160E1F4}.Release|Any CPU.ActiveCfg = Release|Any CPU
		{10D2DB0A-711B-44E3-A938-234D2160E1F4}.Release|Any CPU.Build.0 = Release|Any CPU
		{10D2DB0A-711B-44E3-A938-234D2160E1F4}.Release|x64.ActiveCfg = Release|Any CPU
		{10D2DB0A-711B-44E3-A938-234D2160E1F4}.Release|x64.Build.0 = Release|Any CPU
		{10D2DB0A-711B-44E3-A938-234D2160E1F4}.Release|x86.ActiveCfg = Release|Any CPU
		{10D2DB0A-711B-44E3-A938-234D2160E1F4}.Release|x86.Build.0 = Release|Any CPU
		{8BD5243F-E4B1-4C1D-A08F-4E0B6C7FD3B8}.Debug|Any CPU.ActiveCfg = Debug|Any CPU
		{8BD5243F-E4B1-4C1D-A08F-4E0B6C7FD3B8}.Debug|Any CPU.Build.0 = Debug|Any CPU
		{8BD5243F-E4B1-4C1D-A08F-4E0B6C7FD3B8}.Debug|x64.ActiveCfg = Debug|Any CPU
		{8BD5243F-E4B1-4C1D-A08F-4E0B6C7FD3B8}.Debug|x64.Build.0 = Debug|Any CPU
		{8BD5243F-E4B1-4C1D-A08F-4E0B6C7FD3B8}.Debug|x86.ActiveCfg = Debug|Any CPU
		{8BD5243F-E4B1-4C1D-A08F-4E0B6C7FD3B8}.Debug|x86.Build.0 = Debug|Any CPU
		{8BD5243F-E4B1-4C1D-A08F-4E0B6C7FD3B8}.Release|Any CPU.ActiveCfg = Release|Any CPU
		{8BD5243F-E4B1-4C1D-A08F-4E0B6C7FD3B8}.Release|Any CPU.Build.0 = Release|Any CPU
		{8BD5243F-E4B1-4C1D-A08F-4E0B6C7FD3B8}.Release|x64.ActiveCfg = Release|Any CPU
		{8BD5243F-E4B1-4C1D-A08F-4E0B6C7FD3B8}.Release|x64.Build.0 = Release|Any CPU
		{8BD5243F-E4B1-4C1D-A08F-4E0B6C7FD3B8}.Release|x86.ActiveCfg = Release|Any CPU
		{8BD5243F-E4B1-4C1D-A08F-4E0B6C7FD3B8}.Release|x86.Build.0 = Release|Any CPU
		{64F19E28-2389-4A0A-9421-B7C0CAA297B5}.Debug|Any CPU.ActiveCfg = Debug|Any CPU
		{64F19E28-2389-4A0A-9421-B7C0CAA297B5}.Debug|Any CPU.Build.0 = Debug|Any CPU
		{64F19E28-2389-4A0A-9421-B7C0CAA297B5}.Debug|x64.ActiveCfg = Debug|Any CPU
		{64F19E28-2389-4A0A-9421-B7C0CAA297B5}.Debug|x64.Build.0 = Debug|Any CPU
		{64F19E28-2389-4A0A-9421-B7C0CAA297B5}.Debug|x86.ActiveCfg = Debug|Any CPU
		{64F19E28-2389-4A0A-9421-B7C0CAA297B5}.Debug|x86.Build.0 = Debug|Any CPU
		{64F19E28-2389-4A0A-9421-B7C0CAA297B5}.Release|Any CPU.ActiveCfg = Release|Any CPU
		{64F19E28-2389-4A0A-9421-B7C0CAA297B5}.Release|Any CPU.Build.0 = Release|Any CPU
		{64F19E28-2389-4A0A-9421-B7C0CAA297B5}.Release|x64.ActiveCfg = Release|Any CPU
		{64F19E28-2389-4A0A-9421-B7C0CAA297B5}.Release|x64.Build.0 = Release|Any CPU
		{64F19E28-2389-4A0A-9421-B7C0CAA297B5}.Release|x86.ActiveCfg = Release|Any CPU
		{64F19E28-2389-4A0A-9421-B7C0CAA297B5}.Release|x86.Build.0 = Release|Any CPU
		{02B829CE-A2D5-4922-9BDA-7C896153296D}.Debug|Any CPU.ActiveCfg = Debug|Any CPU
		{02B829CE-A2D5-4922-9BDA-7C896153296D}.Debug|Any CPU.Build.0 = Debug|Any CPU
		{02B829CE-A2D5-4922-9BDA-7C896153296D}.Debug|x64.ActiveCfg = Debug|Any CPU
		{02B829CE-A2D5-4922-9BDA-7C896153296D}.Debug|x64.Build.0 = Debug|Any CPU
		{02B829CE-A2D5-4922-9BDA-7C896153296D}.Debug|x86.ActiveCfg = Debug|Any CPU
		{02B829CE-A2D5-4922-9BDA-7C896153296D}.Debug|x86.Build.0 = Debug|Any CPU
		{02B829CE-A2D5-4922-9BDA-7C896153296D}.Release|Any CPU.ActiveCfg = Release|Any CPU
		{02B829CE-A2D5-4922-9BDA-7C896153296D}.Release|Any CPU.Build.0 = Release|Any CPU
		{02B829CE-A2D5-4922-9BDA-7C896153296D}.Release|x64.ActiveCfg = Release|Any CPU
		{02B829CE-A2D5-4922-9BDA-7C896153296D}.Release|x64.Build.0 = Release|Any CPU
		{02B829CE-A2D5-4922-9BDA-7C896153296D}.Release|x86.ActiveCfg = Release|Any CPU
		{02B829CE-A2D5-4922-9BDA-7C896153296D}.Release|x86.Build.0 = Release|Any CPU
		{B5724E85-76CE-467E-8AEC-5500B0B47226}.Debug|Any CPU.ActiveCfg = Debug|Any CPU
		{B5724E85-76CE-467E-8AEC-5500B0B47226}.Debug|Any CPU.Build.0 = Debug|Any CPU
		{B5724E85-76CE-467E-8AEC-5500B0B47226}.Debug|x64.ActiveCfg = Debug|Any CPU
		{B5724E85-76CE-467E-8AEC-5500B0B47226}.Debug|x64.Build.0 = Debug|Any CPU
		{B5724E85-76CE-467E-8AEC-5500B0B47226}.Debug|x86.ActiveCfg = Debug|Any CPU
		{B5724E85-76CE-467E-8AEC-5500B0B47226}.Debug|x86.Build.0 = Debug|Any CPU
		{B5724E85-76CE-467E-8AEC-5500B0B47226}.Release|Any CPU.ActiveCfg = Release|Any CPU
		{B5724E85-76CE-467E-8AEC-5500B0B47226}.Release|Any CPU.Build.0 = Release|Any CPU
		{B5724E85-76CE-467E-8AEC-5500B0B47226}.Release|x64.ActiveCfg = Release|Any CPU
		{B5724E85-76CE-467E-8AEC-5500B0B47226}.Release|x64.Build.0 = Release|Any CPU
		{B5724E85-76CE-467E-8AEC-5500B0B47226}.Release|x86.ActiveCfg = Release|Any CPU
		{B5724E85-76CE-467E-8AEC-5500B0B47226}.Release|x86.Build.0 = Release|Any CPU
		{A188FF79-1DB8-4D7B-B437-610BB848391F}.Debug|Any CPU.ActiveCfg = Debug|Any CPU
		{A188FF79-1DB8-4D7B-B437-610BB848391F}.Debug|Any CPU.Build.0 = Debug|Any CPU
		{A188FF79-1DB8-4D7B-B437-610BB848391F}.Debug|x64.ActiveCfg = Debug|Any CPU
		{A188FF79-1DB8-4D7B-B437-610BB848391F}.Debug|x64.Build.0 = Debug|Any CPU
		{A188FF79-1DB8-4D7B-B437-610BB848391F}.Debug|x86.ActiveCfg = Debug|Any CPU
		{A188FF79-1DB8-4D7B-B437-610BB848391F}.Debug|x86.Build.0 = Debug|Any CPU
		{A188FF79-1DB8-4D7B-B437-610BB848391F}.Release|Any CPU.ActiveCfg = Release|Any CPU
		{A188FF79-1DB8-4D7B-B437-610BB848391F}.Release|Any CPU.Build.0 = Release|Any CPU
		{A188FF79-1DB8-4D7B-B437-610BB848391F}.Release|x64.ActiveCfg = Release|Any CPU
		{A188FF79-1DB8-4D7B-B437-610BB848391F}.Release|x64.Build.0 = Release|Any CPU
		{A188FF79-1DB8-4D7B-B437-610BB848391F}.Release|x86.ActiveCfg = Release|Any CPU
		{A188FF79-1DB8-4D7B-B437-610BB848391F}.Release|x86.Build.0 = Release|Any CPU
	EndGlobalSection
EndGlobal
